// !$*UTF8*$!
{
	archiveVersion = 1;
	classes = {
	};
	objectVersion = 50;
	objects = {

/* Begin PBXBuildFile section */
		4B7651ACA70A7CC6E9E2277B /* Pods_Cardinbox_tech_roundTests.framework in Frameworks */ = {isa = PBXBuildFile; fileRef = A4A0A2B81BEC12FEFD8F2946 /* Pods_Cardinbox_tech_roundTests.framework */; };
		7927E26E221D503F00707880 /* AppDelegate.swift in Sources */ = {isa = PBXBuildFile; fileRef = 7927E26D221D503F00707880 /* AppDelegate.swift */; };
		7927E270221D503F00707880 /* StocksViewController.swift in Sources */ = {isa = PBXBuildFile; fileRef = 7927E26F221D503F00707880 /* StocksViewController.swift */; };
		7927E273221D504000707880 /* Main.storyboard in Resources */ = {isa = PBXBuildFile; fileRef = 7927E271221D503F00707880 /* Main.storyboard */; };
		7927E275221D504100707880 /* Assets.xcassets in Resources */ = {isa = PBXBuildFile; fileRef = 7927E274221D504100707880 /* Assets.xcassets */; };
		7927E278221D504100707880 /* LaunchScreen.storyboard in Resources */ = {isa = PBXBuildFile; fileRef = 7927E276221D504100707880 /* LaunchScreen.storyboard */; };
		7927E283221D504100707880 /* Cardinbox_tech_roundTests.swift in Sources */ = {isa = PBXBuildFile; fileRef = 7927E282221D504100707880 /* Cardinbox_tech_roundTests.swift */; };
		7927E28E221D504100707880 /* Cardinbox_tech_roundUITests.swift in Sources */ = {isa = PBXBuildFile; fileRef = 7927E28D221D504100707880 /* Cardinbox_tech_roundUITests.swift */; };
		7927E29C221D510C00707880 /* Model.swift in Sources */ = {isa = PBXBuildFile; fileRef = 7927E29B221D510C00707880 /* Model.swift */; };
		7927E2A5221D5F4500707880 /* StocksTableCell.swift in Sources */ = {isa = PBXBuildFile; fileRef = 7927E2A3221D5F4500707880 /* StocksTableCell.swift */; };
		7927E2A6221D5F4500707880 /* StocksTableCell.xib in Resources */ = {isa = PBXBuildFile; fileRef = 7927E2A4221D5F4500707880 /* StocksTableCell.xib */; };
		7927E2A9221D662100707880 /* StockDetailsViewViewController.swift in Sources */ = {isa = PBXBuildFile; fileRef = 7927E2A7221D662100707880 /* StockDetailsViewViewController.swift */; };
		7927E2AA221D662100707880 /* StockDetailsViewViewController.xib in Resources */ = {isa = PBXBuildFile; fileRef = 7927E2A8221D662100707880 /* StockDetailsViewViewController.xib */; };
		7927E2AD221D667400707880 /* StockDetailsTableCellTableViewCell.swift in Sources */ = {isa = PBXBuildFile; fileRef = 7927E2AB221D667400707880 /* StockDetailsTableCellTableViewCell.swift */; };
		7927E2AE221D667400707880 /* StockDetailsTableCellTableViewCell.xib in Resources */ = {isa = PBXBuildFile; fileRef = 7927E2AC221D667400707880 /* StockDetailsTableCellTableViewCell.xib */; };
		7927E2B1221D6BE000707880 /* CurrencyViewController.swift in Sources */ = {isa = PBXBuildFile; fileRef = 7927E2B0221D6BE000707880 /* CurrencyViewController.swift */; };
		7927E2B4221D9BB500707880 /* Presenter.swift in Sources */ = {isa = PBXBuildFile; fileRef = 7927E2B3221D9BB500707880 /* Presenter.swift */; };
		A60BF14B535955A836D8B2BB /* Pods_Cardinbox_tech_round.framework in Frameworks */ = {isa = PBXBuildFile; fileRef = 054867435BB9FF3CEA6A5F21 /* Pods_Cardinbox_tech_round.framework */; };
		B44C0261466D136F316CE894 /* Pods_Cardinbox_tech_roundUITests.framework in Frameworks */ = {isa = PBXBuildFile; fileRef = 9783B89E0D18EBA7D18521A6 /* Pods_Cardinbox_tech_roundUITests.framework */; };
/* End PBXBuildFile section */

/* Begin PBXContainerItemProxy section */
		7927E27F221D504100707880 /* PBXContainerItemProxy */ = {
			isa = PBXContainerItemProxy;
			containerPortal = 7927E262221D503F00707880 /* Project object */;
			proxyType = 1;
			remoteGlobalIDString = 7927E269221D503F00707880;
			remoteInfo = "Cardinbox tech round";
		};
		7927E28A221D504100707880 /* PBXContainerItemProxy */ = {
			isa = PBXContainerItemProxy;
			containerPortal = 7927E262221D503F00707880 /* Project object */;
			proxyType = 1;
			remoteGlobalIDString = 7927E269221D503F00707880;
			remoteInfo = "Cardinbox tech round";
		};
/* End PBXContainerItemProxy section */

/* Begin PBXFileReference section */
		054867435BB9FF3CEA6A5F21 /* Pods_Cardinbox_tech_round.framework */ = {isa = PBXFileReference; explicitFileType = wrapper.framework; includeInIndex = 0; path = Pods_Cardinbox_tech_round.framework; sourceTree = BUILT_PRODUCTS_DIR; };
		23BDB62A0A674DA3EB6D6781 /* Pods-Cardinbox tech roundUITests.release.xcconfig */ = {isa = PBXFileReference; includeInIndex = 1; lastKnownFileType = text.xcconfig; name = "Pods-Cardinbox tech roundUITests.release.xcconfig"; path = "Target Support Files/Pods-Cardinbox tech roundUITests/Pods-Cardinbox tech roundUITests.release.xcconfig"; sourceTree = "<group>"; };
		2F5436A4D41AB78A704BB79D /* Pods-Cardinbox tech roundTests.debug.xcconfig */ = {isa = PBXFileReference; includeInIndex = 1; lastKnownFileType = text.xcconfig; name = "Pods-Cardinbox tech roundTests.debug.xcconfig"; path = "Target Support Files/Pods-Cardinbox tech roundTests/Pods-Cardinbox tech roundTests.debug.xcconfig"; sourceTree = "<group>"; };
		3EBA5D41C05D1C868D28D944 /* Pods-Cardinbox tech round.debug.xcconfig */ = {isa = PBXFileReference; includeInIndex = 1; lastKnownFileType = text.xcconfig; name = "Pods-Cardinbox tech round.debug.xcconfig"; path = "Target Support Files/Pods-Cardinbox tech round/Pods-Cardinbox tech round.debug.xcconfig"; sourceTree = "<group>"; };
		7927E26A221D503F00707880 /* Cardinbox tech round.app */ = {isa = PBXFileReference; explicitFileType = wrapper.application; includeInIndex = 0; path = "Cardinbox tech round.app"; sourceTree = BUILT_PRODUCTS_DIR; };
		7927E26D221D503F00707880 /* AppDelegate.swift */ = {isa = PBXFileReference; lastKnownFileType = sourcecode.swift; path = AppDelegate.swift; sourceTree = "<group>"; };
		7927E26F221D503F00707880 /* StocksViewController.swift */ = {isa = PBXFileReference; lastKnownFileType = sourcecode.swift; path = StocksViewController.swift; sourceTree = "<group>"; };
		7927E272221D503F00707880 /* Base */ = {isa = PBXFileReference; lastKnownFileType = file.storyboard; name = Base; path = Base.lproj/Main.storyboard; sourceTree = "<group>"; };
		7927E274221D504100707880 /* Assets.xcassets */ = {isa = PBXFileReference; lastKnownFileType = folder.assetcatalog; path = Assets.xcassets; sourceTree = "<group>"; };
		7927E277221D504100707880 /* Base */ = {isa = PBXFileReference; lastKnownFileType = file.storyboard; name = Base; path = Base.lproj/LaunchScreen.storyboard; sourceTree = "<group>"; };
		7927E279221D504100707880 /* Info.plist */ = {isa = PBXFileReference; lastKnownFileType = text.plist.xml; path = Info.plist; sourceTree = "<group>"; };
		7927E27E221D504100707880 /* Cardinbox tech roundTests.xctest */ = {isa = PBXFileReference; explicitFileType = wrapper.cfbundle; includeInIndex = 0; path = "Cardinbox tech roundTests.xctest"; sourceTree = BUILT_PRODUCTS_DIR; };
		7927E282221D504100707880 /* Cardinbox_tech_roundTests.swift */ = {isa = PBXFileReference; lastKnownFileType = sourcecode.swift; path = Cardinbox_tech_roundTests.swift; sourceTree = "<group>"; };
		7927E284221D504100707880 /* Info.plist */ = {isa = PBXFileReference; lastKnownFileType = text.plist.xml; path = Info.plist; sourceTree = "<group>"; };
		7927E289221D504100707880 /* Cardinbox tech roundUITests.xctest */ = {isa = PBXFileReference; explicitFileType = wrapper.cfbundle; includeInIndex = 0; path = "Cardinbox tech roundUITests.xctest"; sourceTree = BUILT_PRODUCTS_DIR; };
		7927E28D221D504100707880 /* Cardinbox_tech_roundUITests.swift */ = {isa = PBXFileReference; lastKnownFileType = sourcecode.swift; path = Cardinbox_tech_roundUITests.swift; sourceTree = "<group>"; };
		7927E28F221D504100707880 /* Info.plist */ = {isa = PBXFileReference; lastKnownFileType = text.plist.xml; path = Info.plist; sourceTree = "<group>"; };
		7927E29B221D510C00707880 /* Model.swift */ = {isa = PBXFileReference; lastKnownFileType = sourcecode.swift; path = Model.swift; sourceTree = "<group>"; };
		7927E2A3221D5F4500707880 /* StocksTableCell.swift */ = {isa = PBXFileReference; lastKnownFileType = sourcecode.swift; path = StocksTableCell.swift; sourceTree = "<group>"; };
		7927E2A4221D5F4500707880 /* StocksTableCell.xib */ = {isa = PBXFileReference; lastKnownFileType = file.xib; path = StocksTableCell.xib; sourceTree = "<group>"; };
		7927E2A7221D662100707880 /* StockDetailsViewViewController.swift */ = {isa = PBXFileReference; lastKnownFileType = sourcecode.swift; path = StockDetailsViewViewController.swift; sourceTree = "<group>"; };
		7927E2A8221D662100707880 /* StockDetailsViewViewController.xib */ = {isa = PBXFileReference; lastKnownFileType = file.xib; path = StockDetailsViewViewController.xib; sourceTree = "<group>"; };
		7927E2AB221D667400707880 /* StockDetailsTableCellTableViewCell.swift */ = {isa = PBXFileReference; lastKnownFileType = sourcecode.swift; path = StockDetailsTableCellTableViewCell.swift; sourceTree = "<group>"; };
		7927E2AC221D667400707880 /* StockDetailsTableCellTableViewCell.xib */ = {isa = PBXFileReference; lastKnownFileType = file.xib; path = StockDetailsTableCellTableViewCell.xib; sourceTree = "<group>"; };
		7927E2B0221D6BE000707880 /* CurrencyViewController.swift */ = {isa = PBXFileReference; lastKnownFileType = sourcecode.swift; path = CurrencyViewController.swift; sourceTree = "<group>"; };
		7927E2B3221D9BB500707880 /* Presenter.swift */ = {isa = PBXFileReference; lastKnownFileType = sourcecode.swift; path = Presenter.swift; sourceTree = "<group>"; };
		8ADB70D257EB0929B5982CCB /* Pods-Cardinbox tech roundUITests.debug.xcconfig */ = {isa = PBXFileReference; includeInIndex = 1; lastKnownFileType = text.xcconfig; name = "Pods-Cardinbox tech roundUITests.debug.xcconfig"; path = "Target Support Files/Pods-Cardinbox tech roundUITests/Pods-Cardinbox tech roundUITests.debug.xcconfig"; sourceTree = "<group>"; };
		8F0662C122D5D66D9E4F5AAA /* Pods-Cardinbox tech round.release.xcconfig */ = {isa = PBXFileReference; includeInIndex = 1; lastKnownFileType = text.xcconfig; name = "Pods-Cardinbox tech round.release.xcconfig"; path = "Target Support Files/Pods-Cardinbox tech round/Pods-Cardinbox tech round.release.xcconfig"; sourceTree = "<group>"; };
		9783B89E0D18EBA7D18521A6 /* Pods_Cardinbox_tech_roundUITests.framework */ = {isa = PBXFileReference; explicitFileType = wrapper.framework; includeInIndex = 0; path = Pods_Cardinbox_tech_roundUITests.framework; sourceTree = BUILT_PRODUCTS_DIR; };
		9942F5A140F7A4EEDE1D29DC /* Pods-Cardinbox tech roundTests.release.xcconfig */ = {isa = PBXFileReference; includeInIndex = 1; lastKnownFileType = text.xcconfig; name = "Pods-Cardinbox tech roundTests.release.xcconfig"; path = "Target Support Files/Pods-Cardinbox tech roundTests/Pods-Cardinbox tech roundTests.release.xcconfig"; sourceTree = "<group>"; };
		A4A0A2B81BEC12FEFD8F2946 /* Pods_Cardinbox_tech_roundTests.framework */ = {isa = PBXFileReference; explicitFileType = wrapper.framework; includeInIndex = 0; path = Pods_Cardinbox_tech_roundTests.framework; sourceTree = BUILT_PRODUCTS_DIR; };
/* End PBXFileReference section */

/* Begin PBXFrameworksBuildPhase section */
		7927E267221D503F00707880 /* Frameworks */ = {
			isa = PBXFrameworksBuildPhase;
			buildActionMask = 2147483647;
			files = (
				A60BF14B535955A836D8B2BB /* Pods_Cardinbox_tech_round.framework in Frameworks */,
			);
			runOnlyForDeploymentPostprocessing = 0;
		};
		7927E27B221D504100707880 /* Frameworks */ = {
			isa = PBXFrameworksBuildPhase;
			buildActionMask = 2147483647;
			files = (
				4B7651ACA70A7CC6E9E2277B /* Pods_Cardinbox_tech_roundTests.framework in Frameworks */,
			);
			runOnlyForDeploymentPostprocessing = 0;
		};
		7927E286221D504100707880 /* Frameworks */ = {
			isa = PBXFrameworksBuildPhase;
			buildActionMask = 2147483647;
			files = (
				B44C0261466D136F316CE894 /* Pods_Cardinbox_tech_roundUITests.framework in Frameworks */,
			);
			runOnlyForDeploymentPostprocessing = 0;
		};
/* End PBXFrameworksBuildPhase section */

/* Begin PBXGroup section */
		043273BD83CA61B0F528BA32 /* Frameworks */ = {
			isa = PBXGroup;
			children = (
				054867435BB9FF3CEA6A5F21 /* Pods_Cardinbox_tech_round.framework */,
				A4A0A2B81BEC12FEFD8F2946 /* Pods_Cardinbox_tech_roundTests.framework */,
				9783B89E0D18EBA7D18521A6 /* Pods_Cardinbox_tech_roundUITests.framework */,
			);
			name = Frameworks;
			sourceTree = "<group>";
		};
		50235531F9824555DD3DE72E /* Pods */ = {
			isa = PBXGroup;
			children = (
				3EBA5D41C05D1C868D28D944 /* Pods-Cardinbox tech round.debug.xcconfig */,
				8F0662C122D5D66D9E4F5AAA /* Pods-Cardinbox tech round.release.xcconfig */,
				2F5436A4D41AB78A704BB79D /* Pods-Cardinbox tech roundTests.debug.xcconfig */,
				9942F5A140F7A4EEDE1D29DC /* Pods-Cardinbox tech roundTests.release.xcconfig */,
				8ADB70D257EB0929B5982CCB /* Pods-Cardinbox tech roundUITests.debug.xcconfig */,
				23BDB62A0A674DA3EB6D6781 /* Pods-Cardinbox tech roundUITests.release.xcconfig */,
			);
			path = Pods;
			sourceTree = "<group>";
		};
		7927E261221D503F00707880 = {
			isa = PBXGroup;
			children = (
				7927E26C221D503F00707880 /* Cardinbox tech round */,
				7927E281221D504100707880 /* Cardinbox tech roundTests */,
				7927E28C221D504100707880 /* Cardinbox tech roundUITests */,
				7927E26B221D503F00707880 /* Products */,
				50235531F9824555DD3DE72E /* Pods */,
				043273BD83CA61B0F528BA32 /* Frameworks */,
			);
			sourceTree = "<group>";
		};
		7927E26B221D503F00707880 /* Products */ = {
			isa = PBXGroup;
			children = (
				7927E26A221D503F00707880 /* Cardinbox tech round.app */,
				7927E27E221D504100707880 /* Cardinbox tech roundTests.xctest */,
				7927E289221D504100707880 /* Cardinbox tech roundUITests.xctest */,
			);
			name = Products;
			sourceTree = "<group>";
		};
		7927E26C221D503F00707880 /* Cardinbox tech round */ = {
			isa = PBXGroup;
			children = (
				7927E26D221D503F00707880 /* AppDelegate.swift */,
				7927E2B5221D9BC700707880 /* Presenter */,
				7927E29E221D5F0900707880 /* View */,
				7927E29D221D5EFD00707880 /* Model */,
				7927E274221D504100707880 /* Assets.xcassets */,
				7927E276221D504100707880 /* LaunchScreen.storyboard */,
				7927E279221D504100707880 /* Info.plist */,
			);
			path = "Cardinbox tech round";
			sourceTree = "<group>";
		};
		7927E281221D504100707880 /* Cardinbox tech roundTests */ = {
			isa = PBXGroup;
			children = (
				7927E282221D504100707880 /* Cardinbox_tech_roundTests.swift */,
				7927E284221D504100707880 /* Info.plist */,
			);
			path = "Cardinbox tech roundTests";
			sourceTree = "<group>";
		};
		7927E28C221D504100707880 /* Cardinbox tech roundUITests */ = {
			isa = PBXGroup;
			children = (
				7927E28D221D504100707880 /* Cardinbox_tech_roundUITests.swift */,
				7927E28F221D504100707880 /* Info.plist */,
			);
			path = "Cardinbox tech roundUITests";
			sourceTree = "<group>";
		};
		7927E29D221D5EFD00707880 /* Model */ = {
			isa = PBXGroup;
			children = (
				7927E29B221D510C00707880 /* Model.swift */,
			);
			path = Model;
			sourceTree = "<group>";
		};
		7927E29E221D5F0900707880 /* View */ = {
			isa = PBXGroup;
			children = (
				7927E2B2221D6BE400707880 /* Currency */,
				7927E2AF221D6BC800707880 /* Stocks */,
			);
			path = View;
			sourceTree = "<group>";
		};
		7927E2AF221D6BC800707880 /* Stocks */ = {
			isa = PBXGroup;
			children = (
				7927E271221D503F00707880 /* Main.storyboard */,
				7927E26F221D503F00707880 /* StocksViewController.swift */,
				7927E2A8221D662100707880 /* StockDetailsViewViewController.xib */,
				7927E2A7221D662100707880 /* StockDetailsViewViewController.swift */,
				7927E2AC221D667400707880 /* StockDetailsTableCellTableViewCell.xib */,
				7927E2AB221D667400707880 /* StockDetailsTableCellTableViewCell.swift */,
				7927E2A4221D5F4500707880 /* StocksTableCell.xib */,
				7927E2A3221D5F4500707880 /* StocksTableCell.swift */,
			);
			path = Stocks;
			sourceTree = "<group>";
		};
		7927E2B2221D6BE400707880 /* Currency */ = {
			isa = PBXGroup;
			children = (
				7927E2B0221D6BE000707880 /* CurrencyViewController.swift */,
			);
			path = Currency;
			sourceTree = "<group>";
		};
		7927E2B5221D9BC700707880 /* Presenter */ = {
			isa = PBXGroup;
			children = (
				7927E2B3221D9BB500707880 /* Presenter.swift */,
			);
			path = Presenter;
			sourceTree = "<group>";
		};
/* End PBXGroup section */

/* Begin PBXNativeTarget section */
		7927E269221D503F00707880 /* Cardinbox tech round */ = {
			isa = PBXNativeTarget;
			buildConfigurationList = 7927E292221D504100707880 /* Build configuration list for PBXNativeTarget "Cardinbox tech round" */;
			buildPhases = (
				73D2174FD19B050E4BDCA6EF /* [CP] Check Pods Manifest.lock */,
				7927E266221D503F00707880 /* Sources */,
				7927E267221D503F00707880 /* Frameworks */,
				7927E268221D503F00707880 /* Resources */,
				F792F61CA3113D9B8F40B19D /* [CP] Embed Pods Frameworks */,
			);
			buildRules = (
			);
			dependencies = (
			);
			name = "Cardinbox tech round";
			productName = "Cardinbox tech round";
			productReference = 7927E26A221D503F00707880 /* Cardinbox tech round.app */;
			productType = "com.apple.product-type.application";
		};
		7927E27D221D504100707880 /* Cardinbox tech roundTests */ = {
			isa = PBXNativeTarget;
			buildConfigurationList = 7927E295221D504100707880 /* Build configuration list for PBXNativeTarget "Cardinbox tech roundTests" */;
			buildPhases = (
				EF5024AFE605931FCB9000E6 /* [CP] Check Pods Manifest.lock */,
				7927E27A221D504100707880 /* Sources */,
				7927E27B221D504100707880 /* Frameworks */,
				7927E27C221D504100707880 /* Resources */,
			);
			buildRules = (
			);
			dependencies = (
				7927E280221D504100707880 /* PBXTargetDependency */,
			);
			name = "Cardinbox tech roundTests";
			productName = "Cardinbox tech roundTests";
			productReference = 7927E27E221D504100707880 /* Cardinbox tech roundTests.xctest */;
			productType = "com.apple.product-type.bundle.unit-test";
		};
		7927E288221D504100707880 /* Cardinbox tech roundUITests */ = {
			isa = PBXNativeTarget;
			buildConfigurationList = 7927E298221D504100707880 /* Build configuration list for PBXNativeTarget "Cardinbox tech roundUITests" */;
			buildPhases = (
				DF456EE29B18534DA360F105 /* [CP] Check Pods Manifest.lock */,
				7927E285221D504100707880 /* Sources */,
				7927E286221D504100707880 /* Frameworks */,
				7927E287221D504100707880 /* Resources */,
			);
			buildRules = (
			);
			dependencies = (
				7927E28B221D504100707880 /* PBXTargetDependency */,
			);
			name = "Cardinbox tech roundUITests";
			productName = "Cardinbox tech roundUITests";
			productReference = 7927E289221D504100707880 /* Cardinbox tech roundUITests.xctest */;
			productType = "com.apple.product-type.bundle.ui-testing";
		};
/* End PBXNativeTarget section */

/* Begin PBXProject section */
		7927E262221D503F00707880 /* Project object */ = {
			isa = PBXProject;
			attributes = {
				LastSwiftUpdateCheck = 1010;
				LastUpgradeCheck = 1010;
				ORGANIZATIONNAME = Sarvesh;
				TargetAttributes = {
					7927E269221D503F00707880 = {
						CreatedOnToolsVersion = 10.1;
						SystemCapabilities = {
							com.apple.BackgroundModes = {
								enabled = 1;
							};
						};
					};
					7927E27D221D504100707880 = {
						CreatedOnToolsVersion = 10.1;
						TestTargetID = 7927E269221D503F00707880;
					};
					7927E288221D504100707880 = {
						CreatedOnToolsVersion = 10.1;
						TestTargetID = 7927E269221D503F00707880;
					};
				};
			};
			buildConfigurationList = 7927E265221D503F00707880 /* Build configuration list for PBXProject "Cardinbox tech round" */;
			compatibilityVersion = "Xcode 9.3";
			developmentRegion = en;
			hasScannedForEncodings = 0;
			knownRegions = (
				en,
				Base,
			);
			mainGroup = 7927E261221D503F00707880;
			productRefGroup = 7927E26B221D503F00707880 /* Products */;
			projectDirPath = "";
			projectRoot = "";
			targets = (
				7927E269221D503F00707880 /* Cardinbox tech round */,
				7927E27D221D504100707880 /* Cardinbox tech roundTests */,
				7927E288221D504100707880 /* Cardinbox tech roundUITests */,
			);
		};
/* End PBXProject section */

/* Begin PBXResourcesBuildPhase section */
		7927E268221D503F00707880 /* Resources */ = {
			isa = PBXResourcesBuildPhase;
			buildActionMask = 2147483647;
			files = (
				7927E2AE221D667400707880 /* StockDetailsTableCellTableViewCell.xib in Resources */,
				7927E2AA221D662100707880 /* StockDetailsViewViewController.xib in Resources */,
				7927E278221D504100707880 /* LaunchScreen.storyboard in Resources */,
				7927E275221D504100707880 /* Assets.xcassets in Resources */,
				7927E273221D504000707880 /* Main.storyboard in Resources */,
				7927E2A6221D5F4500707880 /* StocksTableCell.xib in Resources */,
			);
			runOnlyForDeploymentPostprocessing = 0;
		};
		7927E27C221D504100707880 /* Resources */ = {
			isa = PBXResourcesBuildPhase;
			buildActionMask = 2147483647;
			files = (
			);
			runOnlyForDeploymentPostprocessing = 0;
		};
		7927E287221D504100707880 /* Resources */ = {
			isa = PBXResourcesBuildPhase;
			buildActionMask = 2147483647;
			files = (
			);
			runOnlyForDeploymentPostprocessing = 0;
		};
/* End PBXResourcesBuildPhase section */

/* Begin PBXShellScriptBuildPhase section */
		73D2174FD19B050E4BDCA6EF /* [CP] Check Pods Manifest.lock */ = {
			isa = PBXShellScriptBuildPhase;
			buildActionMask = 2147483647;
			files = (
			);
			inputFileListPaths = (
			);
			inputPaths = (
				"${PODS_PODFILE_DIR_PATH}/Podfile.lock",
				"${PODS_ROOT}/Manifest.lock",
			);
			name = "[CP] Check Pods Manifest.lock";
			outputFileListPaths = (
			);
			outputPaths = (
				"$(DERIVED_FILE_DIR)/Pods-Cardinbox tech round-checkManifestLockResult.txt",
			);
			runOnlyForDeploymentPostprocessing = 0;
			shellPath = /bin/sh;
			shellScript = "diff \"${PODS_PODFILE_DIR_PATH}/Podfile.lock\" \"${PODS_ROOT}/Manifest.lock\" > /dev/null\nif [ $? != 0 ] ; then\n    # print error to STDERR\n    echo \"error: The sandbox is not in sync with the Podfile.lock. Run 'pod install' or update your CocoaPods installation.\" >&2\n    exit 1\nfi\n# This output is used by Xcode 'outputs' to avoid re-running this script phase.\necho \"SUCCESS\" > \"${SCRIPT_OUTPUT_FILE_0}\"\n";
			showEnvVarsInLog = 0;
		};
		DF456EE29B18534DA360F105 /* [CP] Check Pods Manifest.lock */ = {
			isa = PBXShellScriptBuildPhase;
			buildActionMask = 2147483647;
			files = (
			);
			inputFileListPaths = (
			);
			inputPaths = (
				"${PODS_PODFILE_DIR_PATH}/Podfile.lock",
				"${PODS_ROOT}/Manifest.lock",
			);
			name = "[CP] Check Pods Manifest.lock";
			outputFileListPaths = (
			);
			outputPaths = (
				"$(DERIVED_FILE_DIR)/Pods-Cardinbox tech roundUITests-checkManifestLockResult.txt",
			);
			runOnlyForDeploymentPostprocessing = 0;
			shellPath = /bin/sh;
			shellScript = "diff \"${PODS_PODFILE_DIR_PATH}/Podfile.lock\" \"${PODS_ROOT}/Manifest.lock\" > /dev/null\nif [ $? != 0 ] ; then\n    # print error to STDERR\n    echo \"error: The sandbox is not in sync with the Podfile.lock. Run 'pod install' or update your CocoaPods installation.\" >&2\n    exit 1\nfi\n# This output is used by Xcode 'outputs' to avoid re-running this script phase.\necho \"SUCCESS\" > \"${SCRIPT_OUTPUT_FILE_0}\"\n";
			showEnvVarsInLog = 0;
		};
		EF5024AFE605931FCB9000E6 /* [CP] Check Pods Manifest.lock */ = {
			isa = PBXShellScriptBuildPhase;
			buildActionMask = 2147483647;
			files = (
			);
			inputFileListPaths = (
			);
			inputPaths = (
				"${PODS_PODFILE_DIR_PATH}/Podfile.lock",
				"${PODS_ROOT}/Manifest.lock",
			);
			name = "[CP] Check Pods Manifest.lock";
			outputFileListPaths = (
			);
			outputPaths = (
				"$(DERIVED_FILE_DIR)/Pods-Cardinbox tech roundTests-checkManifestLockResult.txt",
			);
			runOnlyForDeploymentPostprocessing = 0;
			shellPath = /bin/sh;
			shellScript = "diff \"${PODS_PODFILE_DIR_PATH}/Podfile.lock\" \"${PODS_ROOT}/Manifest.lock\" > /dev/null\nif [ $? != 0 ] ; then\n    # print error to STDERR\n    echo \"error: The sandbox is not in sync with the Podfile.lock. Run 'pod install' or update your CocoaPods installation.\" >&2\n    exit 1\nfi\n# This output is used by Xcode 'outputs' to avoid re-running this script phase.\necho \"SUCCESS\" > \"${SCRIPT_OUTPUT_FILE_0}\"\n";
			showEnvVarsInLog = 0;
		};
		F792F61CA3113D9B8F40B19D /* [CP] Embed Pods Frameworks */ = {
			isa = PBXShellScriptBuildPhase;
			buildActionMask = 2147483647;
			files = (
			);
			inputFileListPaths = (
			);
			inputPaths = (
				"${PODS_ROOT}/Target Support Files/Pods-Cardinbox tech round/Pods-Cardinbox tech round-frameworks.sh",
				"${BUILT_PRODUCTS_DIR}/Alamofire/Alamofire.framework",
			);
			name = "[CP] Embed Pods Frameworks";
			outputFileListPaths = (
			);
			outputPaths = (
				"${TARGET_BUILD_DIR}/${FRAMEWORKS_FOLDER_PATH}/Alamofire.framework",
			);
			runOnlyForDeploymentPostprocessing = 0;
			shellPath = /bin/sh;
			shellScript = "\"${PODS_ROOT}/Target Support Files/Pods-Cardinbox tech round/Pods-Cardinbox tech round-frameworks.sh\"\n";
			showEnvVarsInLog = 0;
		};
/* End PBXShellScriptBuildPhase section */

/* Begin PBXSourcesBuildPhase section */
		7927E266221D503F00707880 /* Sources */ = {
			isa = PBXSourcesBuildPhase;
			buildActionMask = 2147483647;
			files = (
				7927E2A9221D662100707880 /* StockDetailsViewViewController.swift in Sources */,
				7927E29C221D510C00707880 /* Model.swift in Sources */,
				7927E2B4221D9BB500707880 /* Presenter.swift in Sources */,
				7927E2AD221D667400707880 /* StockDetailsTableCellTableViewCell.swift in Sources */,
				7927E2B1221D6BE000707880 /* CurrencyViewController.swift in Sources */,
				7927E270221D503F00707880 /* StocksViewController.swift in Sources */,
				7927E26E221D503F00707880 /* AppDelegate.swift in Sources */,
				7927E2A5221D5F4500707880 /* StocksTableCell.swift in Sources */,
			);
			runOnlyForDeploymentPostprocessing = 0;
		};
		7927E27A221D504100707880 /* Sources */ = {
			isa = PBXSourcesBuildPhase;
			buildActionMask = 2147483647;
			files = (
				7927E283221D504100707880 /* Cardinbox_tech_roundTests.swift in Sources */,
			);
			runOnlyForDeploymentPostprocessing = 0;
		};
		7927E285221D504100707880 /* Sources */ = {
			isa = PBXSourcesBuildPhase;
			buildActionMask = 2147483647;
			files = (
				7927E28E221D504100707880 /* Cardinbox_tech_roundUITests.swift in Sources */,
			);
			runOnlyForDeploymentPostprocessing = 0;
		};
/* End PBXSourcesBuildPhase section */

/* Begin PBXTargetDependency section */
		7927E280221D504100707880 /* PBXTargetDependency */ = {
			isa = PBXTargetDependency;
			target = 7927E269221D503F00707880 /* Cardinbox tech round */;
			targetProxy = 7927E27F221D504100707880 /* PBXContainerItemProxy */;
		};
		7927E28B221D504100707880 /* PBXTargetDependency */ = {
			isa = PBXTargetDependency;
			target = 7927E269221D503F00707880 /* Cardinbox tech round */;
			targetProxy = 7927E28A221D504100707880 /* PBXContainerItemProxy */;
		};
/* End PBXTargetDependency section */

/* Begin PBXVariantGroup section */
		7927E271221D503F00707880 /* Main.storyboard */ = {
			isa = PBXVariantGroup;
			children = (
				7927E272221D503F00707880 /* Base */,
			);
			name = Main.storyboard;
			sourceTree = "<group>";
		};
		7927E276221D504100707880 /* LaunchScreen.storyboard */ = {
			isa = PBXVariantGroup;
			children = (
				7927E277221D504100707880 /* Base */,
			);
			name = LaunchScreen.storyboard;
			sourceTree = "<group>";
		};
/* End PBXVariantGroup section */

/* Begin XCBuildConfiguration section */
		7927E290221D504100707880 /* Debug */ = {
			isa = XCBuildConfiguration;
			buildSettings = {
				ALWAYS_SEARCH_USER_PATHS = NO;
				CLANG_ANALYZER_NONNULL = YES;
				CLANG_ANALYZER_NUMBER_OBJECT_CONVERSION = YES_AGGRESSIVE;
				CLANG_CXX_LANGUAGE_STANDARD = "gnu++14";
				CLANG_CXX_LIBRARY = "libc++";
				CLANG_ENABLE_MODULES = YES;
				CLANG_ENABLE_OBJC_ARC = YES;
				CLANG_ENABLE_OBJC_WEAK = YES;
				CLANG_WARN_BLOCK_CAPTURE_AUTORELEASING = YES;
				CLANG_WARN_BOOL_CONVERSION = YES;
				CLANG_WARN_COMMA = YES;
				CLANG_WARN_CONSTANT_CONVERSION = YES;
				CLANG_WARN_DEPRECATED_OBJC_IMPLEMENTATIONS = YES;
				CLANG_WARN_DIRECT_OBJC_ISA_USAGE = YES_ERROR;
				CLANG_WARN_DOCUMENTATION_COMMENTS = YES;
				CLANG_WARN_EMPTY_BODY = YES;
				CLANG_WARN_ENUM_CONVERSION = YES;
				CLANG_WARN_INFINITE_RECURSION = YES;
				CLANG_WARN_INT_CONVERSION = YES;
				CLANG_WARN_NON_LITERAL_NULL_CONVERSION = YES;
				CLANG_WARN_OBJC_IMPLICIT_RETAIN_SELF = YES;
				CLANG_WARN_OBJC_LITERAL_CONVERSION = YES;
				CLANG_WARN_OBJC_ROOT_CLASS = YES_ERROR;
				CLANG_WARN_RANGE_LOOP_ANALYSIS = YES;
				CLANG_WARN_STRICT_PROTOTYPES = YES;
				CLANG_WARN_SUSPICIOUS_MOVE = YES;
				CLANG_WARN_UNGUARDED_AVAILABILITY = YES_AGGRESSIVE;
				CLANG_WARN_UNREACHABLE_CODE = YES;
				CLANG_WARN__DUPLICATE_METHOD_MATCH = YES;
				CODE_SIGN_IDENTITY = "iPhone Developer";
				COPY_PHASE_STRIP = NO;
				DEBUG_INFORMATION_FORMAT = dwarf;
				ENABLE_STRICT_OBJC_MSGSEND = YES;
				ENABLE_TESTABILITY = YES;
				GCC_C_LANGUAGE_STANDARD = gnu11;
				GCC_DYNAMIC_NO_PIC = NO;
				GCC_NO_COMMON_BLOCKS = YES;
				GCC_OPTIMIZATION_LEVEL = 0;
				GCC_PREPROCESSOR_DEFINITIONS = (
					"DEBUG=1",
					"$(inherited)",
				);
				GCC_WARN_64_TO_32_BIT_CONVERSION = YES;
				GCC_WARN_ABOUT_RETURN_TYPE = YES_ERROR;
				GCC_WARN_UNDECLARED_SELECTOR = YES;
				GCC_WARN_UNINITIALIZED_AUTOS = YES_AGGRESSIVE;
				GCC_WARN_UNUSED_FUNCTION = YES;
				GCC_WARN_UNUSED_VARIABLE = YES;
				IPHONEOS_DEPLOYMENT_TARGET = 12.1;
				MTL_ENABLE_DEBUG_INFO = INCLUDE_SOURCE;
				MTL_FAST_MATH = YES;
				ONLY_ACTIVE_ARCH = YES;
				SDKROOT = iphoneos;
				SWIFT_ACTIVE_COMPILATION_CONDITIONS = DEBUG;
				SWIFT_OPTIMIZATION_LEVEL = "-Onone";
			};
			name = Debug;
		};
		7927E291221D504100707880 /* Release */ = {
			isa = XCBuildConfiguration;
			buildSettings = {
				ALWAYS_SEARCH_USER_PATHS = NO;
				CLANG_ANALYZER_NONNULL = YES;
				CLANG_ANALYZER_NUMBER_OBJECT_CONVERSION = YES_AGGRESSIVE;
				CLANG_CXX_LANGUAGE_STANDARD = "gnu++14";
				CLANG_CXX_LIBRARY = "libc++";
				CLANG_ENABLE_MODULES = YES;
				CLANG_ENABLE_OBJC_ARC = YES;
				CLANG_ENABLE_OBJC_WEAK = YES;
				CLANG_WARN_BLOCK_CAPTURE_AUTORELEASING = YES;
				CLANG_WARN_BOOL_CONVERSION = YES;
				CLANG_WARN_COMMA = YES;
				CLANG_WARN_CONSTANT_CONVERSION = YES;
				CLANG_WARN_DEPRECATED_OBJC_IMPLEMENTATIONS = YES;
				CLANG_WARN_DIRECT_OBJC_ISA_USAGE = YES_ERROR;
				CLANG_WARN_DOCUMENTATION_COMMENTS = YES;
				CLANG_WARN_EMPTY_BODY = YES;
				CLANG_WARN_ENUM_CONVERSION = YES;
				CLANG_WARN_INFINITE_RECURSION = YES;
				CLANG_WARN_INT_CONVERSION = YES;
				CLANG_WARN_NON_LITERAL_NULL_CONVERSION = YES;
				CLANG_WARN_OBJC_IMPLICIT_RETAIN_SELF = YES;
				CLANG_WARN_OBJC_LITERAL_CONVERSION = YES;
				CLANG_WARN_OBJC_ROOT_CLASS = YES_ERROR;
				CLANG_WARN_RANGE_LOOP_ANALYSIS = YES;
				CLANG_WARN_STRICT_PROTOTYPES = YES;
				CLANG_WARN_SUSPICIOUS_MOVE = YES;
				CLANG_WARN_UNGUARDED_AVAILABILITY = YES_AGGRESSIVE;
				CLANG_WARN_UNREACHABLE_CODE = YES;
				CLANG_WARN__DUPLICATE_METHOD_MATCH = YES;
				CODE_SIGN_IDENTITY = "iPhone Developer";
				COPY_PHASE_STRIP = NO;
				DEBUG_INFORMATION_FORMAT = "dwarf-with-dsym";
				ENABLE_NS_ASSERTIONS = NO;
				ENABLE_STRICT_OBJC_MSGSEND = YES;
				GCC_C_LANGUAGE_STANDARD = gnu11;
				GCC_NO_COMMON_BLOCKS = YES;
				GCC_WARN_64_TO_32_BIT_CONVERSION = YES;
				GCC_WARN_ABOUT_RETURN_TYPE = YES_ERROR;
				GCC_WARN_UNDECLARED_SELECTOR = YES;
				GCC_WARN_UNINITIALIZED_AUTOS = YES_AGGRESSIVE;
				GCC_WARN_UNUSED_FUNCTION = YES;
				GCC_WARN_UNUSED_VARIABLE = YES;
				IPHONEOS_DEPLOYMENT_TARGET = 12.1;
				MTL_ENABLE_DEBUG_INFO = NO;
				MTL_FAST_MATH = YES;
				SDKROOT = iphoneos;
				SWIFT_COMPILATION_MODE = wholemodule;
				SWIFT_OPTIMIZATION_LEVEL = "-O";
				VALIDATE_PRODUCT = YES;
			};
			name = Release;
		};
		7927E293221D504100707880 /* Debug */ = {
			isa = XCBuildConfiguration;
			baseConfigurationReference = 3EBA5D41C05D1C868D28D944 /* Pods-Cardinbox tech round.debug.xcconfig */;
			buildSettings = {
				ASSETCATALOG_COMPILER_APPICON_NAME = AppIcon;
				CODE_SIGN_STYLE = Automatic;
				DEVELOPMENT_TEAM = 7CSR524RFQ;
				INFOPLIST_FILE = "Cardinbox tech round/Info.plist";
				LD_RUNPATH_SEARCH_PATHS = (
					"$(inherited)",
					"@executable_path/Frameworks",
				);
				PRODUCT_BUNDLE_IDENTIFIER = "LazyLunatics.Cardinbox-tech-round";
				PRODUCT_NAME = "$(TARGET_NAME)";
				SWIFT_VERSION = 4.2;
				TARGETED_DEVICE_FAMILY = "1,2";
			};
			name = Debug;
		};
		7927E294221D504100707880 /* Release */ = {
			isa = XCBuildConfiguration;
			baseConfigurationReference = 8F0662C122D5D66D9E4F5AAA /* Pods-Cardinbox tech round.release.xcconfig */;
			buildSettings = {
				ASSETCATALOG_COMPILER_APPICON_NAME = AppIcon;
				CODE_SIGN_STYLE = Automatic;
				DEVELOPMENT_TEAM = 7CSR524RFQ;
				INFOPLIST_FILE = "Cardinbox tech round/Info.plist";
				LD_RUNPATH_SEARCH_PATHS = (
					"$(inherited)",
					"@executable_path/Frameworks",
				);
				PRODUCT_BUNDLE_IDENTIFIER = "LazyLunatics.Cardinbox-tech-round";
				PRODUCT_NAME = "$(TARGET_NAME)";
				SWIFT_VERSION = 4.2;
				TARGETED_DEVICE_FAMILY = "1,2";
			};
			name = Release;
		};
		7927E296221D504100707880 /* Debug */ = {
			isa = XCBuildConfiguration;
			baseConfigurationReference = 2F5436A4D41AB78A704BB79D /* Pods-Cardinbox tech roundTests.debug.xcconfig */;
			buildSettings = {
				ALWAYS_EMBED_SWIFT_STANDARD_LIBRARIES = YES;
				BUNDLE_LOADER = "$(TEST_HOST)";
				CODE_SIGN_STYLE = Automatic;
				DEVELOPMENT_TEAM = 7CSR524RFQ;
				INFOPLIST_FILE = "Cardinbox tech roundTests/Info.plist";
				LD_RUNPATH_SEARCH_PATHS = (
					"$(inherited)",
					"@executable_path/Frameworks",
					"@loader_path/Frameworks",
				);
				PRODUCT_BUNDLE_IDENTIFIER = "LazyLunatics.Cardinbox-tech-roundTests";
				PRODUCT_NAME = "$(TARGET_NAME)";
				SWIFT_VERSION = 4.2;
				TARGETED_DEVICE_FAMILY = "1,2";
				TEST_HOST = "$(BUILT_PRODUCTS_DIR)/Cardinbox tech round.app/Cardinbox tech round";
			};
			name = Debug;
		};
		7927E297221D504100707880 /* Release */ = {
			isa = XCBuildConfiguration;
			baseConfigurationReference = 9942F5A140F7A4EEDE1D29DC /* Pods-Cardinbox tech roundTests.release.xcconfig */;
			buildSettings = {
				ALWAYS_EMBED_SWIFT_STANDARD_LIBRARIES = YES;
				BUNDLE_LOADER = "$(TEST_HOST)";
				CODE_SIGN_STYLE = Automatic;
				DEVELOPMENT_TEAM = 7CSR524RFQ;
				INFOPLIST_FILE = "Cardinbox tech roundTests/Info.plist";
				LD_RUNPATH_SEARCH_PATHS = (
					"$(inherited)",
					"@executable_path/Frameworks",
					"@loader_path/Frameworks",
				);
				PRODUCT_BUNDLE_IDENTIFIER = "LazyLunatics.Cardinbox-tech-roundTests";
				PRODUCT_NAME = "$(TARGET_NAME)";
				SWIFT_VERSION = 4.2;
				TARGETED_DEVICE_FAMILY = "1,2";
				TEST_HOST = "$(BUILT_PRODUCTS_DIR)/Cardinbox tech round.app/Cardinbox tech round";
			};
			name = Release;
		};
		7927E299221D504100707880 /* Debug */ = {
			isa = XCBuildConfiguration;
			baseConfigurationReference = 8ADB70D257EB0929B5982CCB /* Pods-Cardinbox tech roundUITests.debug.xcconfig */;
			buildSettings = {
				ALWAYS_EMBED_SWIFT_STANDARD_LIBRARIES = YES;
				CODE_SIGN_STYLE = Automatic;
				DEVELOPMENT_TEAM = 7CSR524RFQ;
				INFOPLIST_FILE = "Cardinbox tech roundUITests/Info.plist";
				LD_RUNPATH_SEARCH_PATHS = (
					"$(inherited)",
					"@executable_path/Frameworks",
					"@loader_path/Frameworks",
				);
				PRODUCT_BUNDLE_IDENTIFIER = "LazyLunatics.Cardinbox-tech-roundUITests";
				PRODUCT_NAME = "$(TARGET_NAME)";
				SWIFT_VERSION = 4.2;
				TARGETED_DEVICE_FAMILY = "1,2";
				TEST_TARGET_NAME = "Cardinbox tech round";
			};
			name = Debug;
		};
		7927E29A221D504100707880 /* Release */ = {
			isa = XCBuildConfiguration;
			baseConfigurationReference = 23BDB62A0A674DA3EB6D6781 /* Pods-Cardinbox tech roundUITests.release.xcconfig */;
			buildSettings = {
				ALWAYS_EMBED_SWIFT_STANDARD_LIBRARIES = YES;
				CODE_SIGN_STYLE = Automatic;
				DEVELOPMENT_TEAM = 7CSR524RFQ;
				INFOPLIST_FILE = "Cardinbox tech roundUITests/Info.plist";
				LD_RUNPATH_SEARCH_PATHS = (
					"$(inherited)",
					"@executable_path/Frameworks",
					"@loader_path/Frameworks",
				);
				PRODUCT_BUNDLE_IDENTIFIER = "LazyLunatics.Cardinbox-tech-roundUITests";
				PRODUCT_NAME = "$(TARGET_NAME)";
				SWIFT_VERSION = 4.2;
				TARGETED_DEVICE_FAMILY = "1,2";
				TEST_TARGET_NAME = "Cardinbox tech round";
			};
			name = Release;
		};
/* End XCBuildConfiguration section */

/* Begin XCConfigurationList section */
		7927E265221D503F00707880 /* Build configuration list for PBXProject "Cardinbox tech round" */ = {
			isa = XCConfigurationList;
			buildConfigurations = (
				7927E290221D504100707880 /* Debug */,
				7927E291221D504100707880 /* Release */,
			);
			defaultConfigurationIsVisible = 0;
			defaultConfigurationName = Release;
		};
		7927E292221D504100707880 /* Build configuration list for PBXNativeTarget "Cardinbox tech round" */ = {
			isa = XCConfigurationList;
			buildConfigurations = (
				7927E293221D504100707880 /* Debug */,
				7927E294221D504100707880 /* Release */,
			);
			defaultConfigurationIsVisible = 0;
			defaultConfigurationName = Release;
		};
		7927E295221D504100707880 /* Build configuration list for PBXNativeTarget "Cardinbox tech roundTests" */ = {
			isa = XCConfigurationList;
			buildConfigurations = (
				7927E296221D504100707880 /* Debug */,
				7927E297221D504100707880 /* Release */,
			);
			defaultConfigurationIsVisible = 0;
			defaultConfigurationName = Release;
		};
		7927E298221D504100707880 /* Build configuration list for PBXNativeTarget "Cardinbox tech roundUITests" */ = {
			isa = XCConfigurationList;
			buildConfigurations = (
				7927E299221D504100707880 /* Debug */,
				7927E29A221D504100707880 /* Release */,
			);
			defaultConfigurationIsVisible = 0;
			defaultConfigurationName = Release;
		};
/* End XCConfigurationList section */
	};
	rootObject = 7927E262221D503F00707880 /* Project object */;
}
